
Microsoft Visual Studio Solution File, Format Version 12.00
# Visual Studio Version 17
VisualStudioVersion = 17.8.34330.188
MinimumVisualStudioVersion = 10.0.40219.1
Project("{9A19103F-16F7-4668-BE54-9A1E7A4F7556}") = "ImageViewer", "ImageViewer\ImageViewer.csproj", "{4E17E5AE-B611-4F27-8A10-398DADD02F9E}"
EndProject
Project("{FAE04EC0-301F-11D3-BF4B-00C04F79EFBC}") = "ImageViewer.Controls", "ImageViewer.Controls\ImageViewer.Controls.csproj", "{1294F0F9-7D13-43CA-9A43-FF9C12D40223}"
EndProject
Global
	GlobalSection(SolutionConfigurationPlatforms) = preSolution
		Debug|Any CPU = Debug|Any CPU
		Release|Any CPU = Release|Any CPU
	EndGlobalSection
	GlobalSection(ProjectConfigurationPlatforms) = postSolution
		{4E17E5AE-B611-4F27-8A10-398DADD02F9E}.Debug|Any CPU.ActiveCfg = Debug|Any CPU
		{4E17E5AE-B611-4F27-8A10-398DADD02F9E}.Debug|Any CPU.Build.0 = Debug|Any CPU
		{4E17E5AE-B611-4F27-8A10-398DADD02F9E}.Release|Any CPU.ActiveCfg = Release|Any CPU
		{4E17E5AE-B611-4F27-8A10-398DADD02F9E}.Release|Any CPU.Build.0 = Release|Any CPU
		{1294F0F9-7D13-43CA-9A43-FF9C12D40223}.Debug|Any CPU.ActiveCfg = Debug|Any CPU
		{1294F0F9-7D13-43CA-9A43-FF9C12D40223}.Debug|Any CPU.Build.0 = Debug|Any CPU
		{1294F0F9-7D13-43CA-9A43-FF9C12D40223}.Release|Any CPU.ActiveCfg = Release|Any CPU
		{1294F0F9-7D13-43CA-9A43-FF9C12D40223}.Release|Any CPU.Build.0 = Release|Any CPU
	EndGlobalSection
	GlobalSection(SolutionProperties) = preSolution
		HideSolutionNode = FALSE
	EndGlobalSection
	GlobalSection(ExtensibilityGlobals) = postSolution
		SolutionGuid = {3E4F094F-8231-484C-B517-B829B1427458}
	EndGlobalSection
EndGlobal
